// !$*UTF8*$!
{
	archiveVersion = 1;
	classes = {
	};
	objectVersion = 50;
	objects = {

/* Begin PBXBuildFile section */
		18DC8B5F83F365A065CA7304 /* Pods_AssignmentTest.framework in Frameworks */ = {isa = PBXBuildFile; fileRef = 47764108D6822C4B3A248E38 /* Pods_AssignmentTest.framework */; };
		5236861E22840C8800ECE9B8 /* AppDelegate.swift in Sources */ = {isa = PBXBuildFile; fileRef = 5236861D22840C8800ECE9B8 /* AppDelegate.swift */; };
		5236862022840C8800ECE9B8 /* ViewController.swift in Sources */ = {isa = PBXBuildFile; fileRef = 5236861F22840C8800ECE9B8 /* ViewController.swift */; };
		5236862322840C8800ECE9B8 /* Main.storyboard in Resources */ = {isa = PBXBuildFile; fileRef = 5236862122840C8800ECE9B8 /* Main.storyboard */; };
		5236862522840C8B00ECE9B8 /* Assets.xcassets in Resources */ = {isa = PBXBuildFile; fileRef = 5236862422840C8B00ECE9B8 /* Assets.xcassets */; };
		5236862822840C8B00ECE9B8 /* LaunchScreen.storyboard in Resources */ = {isa = PBXBuildFile; fileRef = 5236862622840C8B00ECE9B8 /* LaunchScreen.storyboard */; };
		5236863022840F3A00ECE9B8 /* AssignmentViewController.swift in Sources */ = {isa = PBXBuildFile; fileRef = 5236862F22840F3900ECE9B8 /* AssignmentViewController.swift */; };
		52368634228411A600ECE9B8 /* HitsResultTableViewCell.swift in Sources */ = {isa = PBXBuildFile; fileRef = 52368633228411A600ECE9B8 /* HitsResultTableViewCell.swift */; };
		523686362284134E00ECE9B8 /* Hits.swift in Sources */ = {isa = PBXBuildFile; fileRef = 523686352284134E00ECE9B8 /* Hits.swift */; };
		523686382284191B00ECE9B8 /* APIManager.swift in Sources */ = {isa = PBXBuildFile; fileRef = 523686372284191B00ECE9B8 /* APIManager.swift */; };
/* End PBXBuildFile section */

/* Begin PBXFileReference section */
		22D42245979655A887FD4556 /* Pods-AssignmentTest.release.xcconfig */ = {isa = PBXFileReference; includeInIndex = 1; lastKnownFileType = text.xcconfig; name = "Pods-AssignmentTest.release.xcconfig"; path = "Pods/Target Support Files/Pods-AssignmentTest/Pods-AssignmentTest.release.xcconfig"; sourceTree = "<group>"; };
		2B086D6230CB93E1131F02DB /* Pods-AssignmentTest.debug.xcconfig */ = {isa = PBXFileReference; includeInIndex = 1; lastKnownFileType = text.xcconfig; name = "Pods-AssignmentTest.debug.xcconfig"; path = "Pods/Target Support Files/Pods-AssignmentTest/Pods-AssignmentTest.debug.xcconfig"; sourceTree = "<group>"; };
		47764108D6822C4B3A248E38 /* Pods_AssignmentTest.framework */ = {isa = PBXFileReference; explicitFileType = wrapper.framework; includeInIndex = 0; path = Pods_AssignmentTest.framework; sourceTree = BUILT_PRODUCTS_DIR; };
		5236861A22840C8800ECE9B8 /* AssignmentTest.app */ = {isa = PBXFileReference; explicitFileType = wrapper.application; includeInIndex = 0; path = AssignmentTest.app; sourceTree = BUILT_PRODUCTS_DIR; };
		5236861D22840C8800ECE9B8 /* AppDelegate.swift */ = {isa = PBXFileReference; lastKnownFileType = sourcecode.swift; path = AppDelegate.swift; sourceTree = "<group>"; };
		5236861F22840C8800ECE9B8 /* ViewController.swift */ = {isa = PBXFileReference; lastKnownFileType = sourcecode.swift; path = ViewController.swift; sourceTree = "<group>"; };
		5236862222840C8800ECE9B8 /* Base */ = {isa = PBXFileReference; lastKnownFileType = file.storyboard; name = Base; path = Base.lproj/Main.storyboard; sourceTree = "<group>"; };
		5236862422840C8B00ECE9B8 /* Assets.xcassets */ = {isa = PBXFileReference; lastKnownFileType = folder.assetcatalog; path = Assets.xcassets; sourceTree = "<group>"; };
		5236862722840C8B00ECE9B8 /* Base */ = {isa = PBXFileReference; lastKnownFileType = file.storyboard; name = Base; path = Base.lproj/LaunchScreen.storyboard; sourceTree = "<group>"; };
		5236862922840C8B00ECE9B8 /* Info.plist */ = {isa = PBXFileReference; lastKnownFileType = text.plist.xml; path = Info.plist; sourceTree = "<group>"; };
		5236862F22840F3900ECE9B8 /* AssignmentViewController.swift */ = {isa = PBXFileReference; lastKnownFileType = sourcecode.swift; path = AssignmentViewController.swift; sourceTree = "<group>"; };
		52368633228411A600ECE9B8 /* HitsResultTableViewCell.swift */ = {isa = PBXFileReference; lastKnownFileType = sourcecode.swift; path = HitsResultTableViewCell.swift; sourceTree = "<group>"; };
		523686352284134E00ECE9B8 /* Hits.swift */ = {isa = PBXFileReference; lastKnownFileType = sourcecode.swift; path = Hits.swift; sourceTree = "<group>"; };
		523686372284191B00ECE9B8 /* APIManager.swift */ = {isa = PBXFileReference; fileEncoding = 4; lastKnownFileType = sourcecode.swift; path = APIManager.swift; sourceTree = "<group>"; };
/* End PBXFileReference section */

/* Begin PBXFrameworksBuildPhase section */
		5236861722840C8800ECE9B8 /* Frameworks */ = {
			isa = PBXFrameworksBuildPhase;
			buildActionMask = 2147483647;
			files = (
				18DC8B5F83F365A065CA7304 /* Pods_AssignmentTest.framework in Frameworks */,
			);
			runOnlyForDeploymentPostprocessing = 0;
		};
/* End PBXFrameworksBuildPhase section */

/* Begin PBXGroup section */
		5236861122840C8800ECE9B8 = {
			isa = PBXGroup;
			children = (
				5236861C22840C8800ECE9B8 /* AssignmentTest */,
				5236861B22840C8800ECE9B8 /* Products */,
				81BBE36560013B77E81D5310 /* Pods */,
				D129C655B7E27A063CE1C905 /* Frameworks */,
			);
			sourceTree = "<group>";
		};
		5236861B22840C8800ECE9B8 /* Products */ = {
			isa = PBXGroup;
			children = (
				5236861A22840C8800ECE9B8 /* AssignmentTest.app */,
			);
			name = Products;
			sourceTree = "<group>";
		};
		5236861C22840C8800ECE9B8 /* AssignmentTest */ = {
			isa = PBXGroup;
			children = (
				523686392284193900ECE9B8 /* Manager */,
				523686322284113A00ECE9B8 /* Model */,
				523686312284112300ECE9B8 /* Controllers */,
				5236861D22840C8800ECE9B8 /* AppDelegate.swift */,
				5236862122840C8800ECE9B8 /* Main.storyboard */,
				5236862422840C8B00ECE9B8 /* Assets.xcassets */,
				5236862622840C8B00ECE9B8 /* LaunchScreen.storyboard */,
				5236862922840C8B00ECE9B8 /* Info.plist */,
				52368633228411A600ECE9B8 /* HitsResultTableViewCell.swift */,
			);
			path = AssignmentTest;
			sourceTree = "<group>";
		};
		523686312284112300ECE9B8 /* Controllers */ = {
			isa = PBXGroup;
			children = (
				5236861F22840C8800ECE9B8 /* ViewController.swift */,
				5236862F22840F3900ECE9B8 /* AssignmentViewController.swift */,
			);
			path = Controllers;
			sourceTree = "<group>";
		};
		523686322284113A00ECE9B8 /* Model */ = {
			isa = PBXGroup;
			children = (
				523686352284134E00ECE9B8 /* Hits.swift */,
			);
			path = Model;
			sourceTree = "<group>";
		};
		523686392284193900ECE9B8 /* Manager */ = {
			isa = PBXGroup;
			children = (
				523686372284191B00ECE9B8 /* APIManager.swift */,
			);
			path = Manager;
			sourceTree = "<group>";
		};
		81BBE36560013B77E81D5310 /* Pods */ = {
			isa = PBXGroup;
			children = (
				2B086D6230CB93E1131F02DB /* Pods-AssignmentTest.debug.xcconfig */,
				22D42245979655A887FD4556 /* Pods-AssignmentTest.release.xcconfig */,
			);
			name = Pods;
			sourceTree = "<group>";
		};
		D129C655B7E27A063CE1C905 /* Frameworks */ = {
			isa = PBXGroup;
			children = (
				47764108D6822C4B3A248E38 /* Pods_AssignmentTest.framework */,
			);
			name = Frameworks;
			sourceTree = "<group>";
		};
/* End PBXGroup section */

/* Begin PBXNativeTarget section */
		5236861922840C8800ECE9B8 /* AssignmentTest */ = {
			isa = PBXNativeTarget;
			buildConfigurationList = 5236862C22840C8B00ECE9B8 /* Build configuration list for PBXNativeTarget "AssignmentTest" */;
			buildPhases = (
				963C9E69B5040766ED6FA8E4 /* [CP] Check Pods Manifest.lock */,
				5236861622840C8800ECE9B8 /* Sources */,
				5236861722840C8800ECE9B8 /* Frameworks */,
				5236861822840C8800ECE9B8 /* Resources */,
				CD72734B42FDF91E9E21AEF6 /* [CP] Embed Pods Frameworks */,
			);
			buildRules = (
			);
			dependencies = (
			);
			name = AssignmentTest;
			productName = AssignmentTest;
			productReference = 5236861A22840C8800ECE9B8 /* AssignmentTest.app */;
			productType = "com.apple.product-type.application";
		};
/* End PBXNativeTarget section */

/* Begin PBXProject section */
		5236861222840C8800ECE9B8 /* Project object */ = {
			isa = PBXProject;
			attributes = {
				LastSwiftUpdateCheck = 1010;
				LastUpgradeCheck = 1010;
				ORGANIZATIONNAME = "Macbook Pro";
				TargetAttributes = {
					5236861922840C8800ECE9B8 = {
						CreatedOnToolsVersion = 10.1;
					};
				};
			};
			buildConfigurationList = 5236861522840C8800ECE9B8 /* Build configuration list for PBXProject "AssignmentTest" */;
			compatibilityVersion = "Xcode 9.3";
			developmentRegion = en;
			hasScannedForEncodings = 0;
			knownRegions = (
				en,
				Base,
			);
			mainGroup = 5236861122840C8800ECE9B8;
			productRefGroup = 5236861B22840C8800ECE9B8 /* Products */;
			projectDirPath = "";
			projectRoot = "";
			targets = (
				5236861922840C8800ECE9B8 /* AssignmentTest */,
			);
		};
/* End PBXProject section */

/* Begin PBXResourcesBuildPhase section */
		5236861822840C8800ECE9B8 /* Resources */ = {
			isa = PBXResourcesBuildPhase;
			buildActionMask = 2147483647;
			files = (
				5236862822840C8B00ECE9B8 /* LaunchScreen.storyboard in Resources */,
				5236862522840C8B00ECE9B8 /* Assets.xcassets in Resources */,
				5236862322840C8800ECE9B8 /* Main.storyboard in Resources */,
			);
			runOnlyForDeploymentPostprocessing = 0;
		};
/* End PBXResourcesBuildPhase section */

/* Begin PBXShellScriptBuildPhase section */
		963C9E69B5040766ED6FA8E4 /* [CP] Check Pods Manifest.lock */ = {
			isa = PBXShellScriptBuildPhase;
			buildActionMask = 2147483647;
			files = (
			);
			inputPaths = (
				"${PODS_PODFILE_DIR_PATH}/Podfile.lock",
				"${PODS_ROOT}/Manifest.lock",
			);
			name = "[CP] Check Pods Manifest.lock";
			outputPaths = (
				"$(DERIVED_FILE_DIR)/Pods-AssignmentTest-checkManifestLockResult.txt",
			);
			runOnlyForDeploymentPostprocessing = 0;
			shellPath = /bin/sh;
			shellScript = "diff \"${PODS_PODFILE_DIR_PATH}/Podfile.lock\" \"${PODS_ROOT}/Manifest.lock\" > /dev/null\nif [ $? != 0 ] ; then\n    # print error to STDERR\n    echo \"error: The sandbox is not in sync with the Podfile.lock. Run 'pod install' or update your CocoaPods installation.\" >&2\n    exit 1\nfi\n# This output is used by Xcode 'outputs' to avoid re-running this script phase.\necho \"SUCCESS\" > \"${SCRIPT_OUTPUT_FILE_0}\"\n";
			showEnvVarsInLog = 0;
		};
		CD72734B42FDF91E9E21AEF6 /* [CP] Embed Pods Frameworks */ = {
			isa = PBXShellScriptBuildPhase;
			buildActionMask = 2147483647;
			files = (
			);
			inputPaths = (
				"${SRCROOT}/Pods/Target Support Files/Pods-AssignmentTest/Pods-AssignmentTest-frameworks.sh",
				"${BUILT_PRODUCTS_DIR}/MBProgressHUD/MBProgressHUD.framework",
			);
			name = "[CP] Embed Pods Frameworks";
			outputPaths = (
				"${TARGET_BUILD_DIR}/${FRAMEWORKS_FOLDER_PATH}/MBProgressHUD.framework",
			);
			runOnlyForDeploymentPostprocessing = 0;
			shellPath = /bin/sh;
			shellScript = "\"${SRCROOT}/Pods/Target Support Files/Pods-AssignmentTest/Pods-AssignmentTest-frameworks.sh\"\n";
			showEnvVarsInLog = 0;
		};
/* End PBXShellScriptBuildPhase section */

/* Begin PBXSourcesBuildPhase section */
		5236861622840C8800ECE9B8 /* Sources */ = {
			isa = PBXSourcesBuildPhase;
			buildActionMask = 2147483647;
			files = (
				523686382284191B00ECE9B8 /* APIManager.swift in Sources */,
				5236862022840C8800ECE9B8 /* ViewController.swift in Sources */,
				5236861E22840C8800ECE9B8 /* AppDelegate.swift in Sources */,
				52368634228411A600ECE9B8 /* HitsResultTableViewCell.swift in Sources */,
				5236863022840F3A00ECE9B8 /* AssignmentViewController.swift in Sources */,
				523686362284134E00ECE9B8 /* Hits.swift in Sources */,
			);
			runOnlyForDeploymentPostprocessing = 0;
		};
/* End PBXSourcesBuildPhase section */

/* Begin PBXVariantGroup section */
		5236862122840C8800ECE9B8 /* Main.storyboard */ = {
			isa = PBXVariantGroup;
			children = (
				5236862222840C8800ECE9B8 /* Base */,
			);
			name = Main.storyboard;
			sourceTree = "<group>";
		};
		5236862622840C8B00ECE9B8 /* LaunchScreen.storyboard */ = {
			isa = PBXVariantGroup;
			children = (
				5236862722840C8B00ECE9B8 /* Base */,
			);
			name = LaunchScreen.storyboard;
			sourceTree = "<group>";
		};
/* End PBXVariantGroup section */

/* Begin XCBuildConfiguration section */
		5236862A22840C8B00ECE9B8 /* Debug */ = {
			isa = XCBuildConfiguration;
			buildSettings = {
				ALWAYS_SEARCH_USER_PATHS = NO;
				CLANG_ANALYZER_NONNULL = YES;
				CLANG_ANALYZER_NUMBER_OBJECT_CONVERSION = YES_AGGRESSIVE;
				CLANG_CXX_LANGUAGE_STANDARD = "gnu++14";
				CLANG_CXX_LIBRARY = "libc++";
				CLANG_ENABLE_MODULES = YES;
				CLANG_ENABLE_OBJC_ARC = YES;
				CLANG_ENABLE_OBJC_WEAK = YES;
				CLANG_WARN_BLOCK_CAPTURE_AUTORELEASING = YES;
				CLANG_WARN_BOOL_CONVERSION = YES;
				CLANG_WARN_COMMA = YES;
				CLANG_WARN_CONSTANT_CONVERSION = YES;
				CLANG_WARN_DEPRECATED_OBJC_IMPLEMENTATIONS = YES;
				CLANG_WARN_DIRECT_OBJC_ISA_USAGE = YES_ERROR;
				CLANG_WARN_DOCUMENTATION_COMMENTS = YES;
				CLANG_WARN_EMPTY_BODY = YES;
				CLANG_WARN_ENUM_CONVERSION = YES;
				CLANG_WARN_INFINITE_RECURSION = YES;
				CLANG_WARN_INT_CONVERSION = YES;
				CLANG_WARN_NON_LITERAL_NULL_CONVERSION = YES;
				CLANG_WARN_OBJC_IMPLICIT_RETAIN_SELF = YES;
				CLANG_WARN_OBJC_LITERAL_CONVERSION = YES;
				CLANG_WARN_OBJC_ROOT_CLASS = YES_ERROR;
				CLANG_WARN_RANGE_LOOP_ANALYSIS = YES;
				CLANG_WARN_STRICT_PROTOTYPES = YES;
				CLANG_WARN_SUSPICIOUS_MOVE = YES;
				CLANG_WARN_UNGUARDED_AVAILABILITY = YES_AGGRESSIVE;
				CLANG_WARN_UNREACHABLE_CODE = YES;
				CLANG_WARN__DUPLICATE_METHOD_MATCH = YES;
				CODE_SIGN_IDENTITY = "iPhone Developer";
				COPY_PHASE_STRIP = NO;
				DEBUG_INFORMATION_FORMAT = dwarf;
				ENABLE_STRICT_OBJC_MSGSEND = YES;
				ENABLE_TESTABILITY = YES;
				GCC_C_LANGUAGE_STANDARD = gnu11;
				GCC_DYNAMIC_NO_PIC = NO;
				GCC_NO_COMMON_BLOCKS = YES;
				GCC_OPTIMIZATION_LEVEL = 0;
				GCC_PREPROCESSOR_DEFINITIONS = (
					"DEBUG=1",
					"$(inherited)",
				);
				GCC_WARN_64_TO_32_BIT_CONVERSION = YES;
				GCC_WARN_ABOUT_RETURN_TYPE = YES_ERROR;
				GCC_WARN_UNDECLARED_SELECTOR = YES;
				GCC_WARN_UNINITIALIZED_AUTOS = YES_AGGRESSIVE;
				GCC_WARN_UNUSED_FUNCTION = YES;
				GCC_WARN_UNUSED_VARIABLE = YES;
				IPHONEOS_DEPLOYMENT_TARGET = 12.1;
				MTL_ENABLE_DEBUG_INFO = INCLUDE_SOURCE;
				MTL_FAST_MATH = YES;
				ONLY_ACTIVE_ARCH = YES;
				SDKROOT = iphoneos;
				SWIFT_ACTIVE_COMPILATION_CONDITIONS = DEBUG;
				SWIFT_OPTIMIZATION_LEVEL = "-Onone";
			};
			name = Debug;
		};
		5236862B22840C8B00ECE9B8 /* Release */ = {
			isa = XCBuildConfiguration;
			buildSettings = {
				ALWAYS_SEARCH_USER_PATHS = NO;
				CLANG_ANALYZER_NONNULL = YES;
				CLANG_ANALYZER_NUMBER_OBJECT_CONVERSION = YES_AGGRESSIVE;
				CLANG_CXX_LANGUAGE_STANDARD = "gnu++14";
				CLANG_CXX_LIBRARY = "libc++";
				CLANG_ENABLE_MODULES = YES;
				CLANG_ENABLE_OBJC_ARC = YES;
				CLANG_ENABLE_OBJC_WEAK = YES;
				CLANG_WARN_BLOCK_CAPTURE_AUTORELEASING = YES;
				CLANG_WARN_BOOL_CONVERSION = YES;
				CLANG_WARN_COMMA = YES;
				CLANG_WARN_CONSTANT_CONVERSION = YES;
				CLANG_WARN_DEPRECATED_OBJC_IMPLEMENTATIONS = YES;
				CLANG_WARN_DIRECT_OBJC_ISA_USAGE = YES_ERROR;
				CLANG_WARN_DOCUMENTATION_COMMENTS = YES;
				CLANG_WARN_EMPTY_BODY = YES;
				CLANG_WARN_ENUM_CONVERSION = YES;
				CLANG_WARN_INFINITE_RECURSION = YES;
				CLANG_WARN_INT_CONVERSION = YES;
				CLANG_WARN_NON_LITERAL_NULL_CONVERSION = YES;
				CLANG_WARN_OBJC_IMPLICIT_RETAIN_SELF = YES;
				CLANG_WARN_OBJC_LITERAL_CONVERSION = YES;
				CLANG_WARN_OBJC_ROOT_CLASS = YES_ERROR;
				CLANG_WARN_RANGE_LOOP_ANALYSIS = YES;
				CLANG_WARN_STRICT_PROTOTYPES = YES;
				CLANG_WARN_SUSPICIOUS_MOVE = YES;
				CLANG_WARN_UNGUARDED_AVAILABILITY = YES_AGGRESSIVE;
				CLANG_WARN_UNREACHABLE_CODE = YES;
				CLANG_WARN__DUPLICATE_METHOD_MATCH = YES;
				CODE_SIGN_IDENTITY = "iPhone Developer";
				COPY_PHASE_STRIP = NO;
				DEBUG_INFORMATION_FORMAT = "dwarf-with-dsym";
				ENABLE_NS_ASSERTIONS = NO;
				ENABLE_STRICT_OBJC_MSGSEND = YES;
				GCC_C_LANGUAGE_STANDARD = gnu11;
				GCC_NO_COMMON_BLOCKS = YES;
				GCC_WARN_64_TO_32_BIT_CONVERSION = YES;
				GCC_WARN_ABOUT_RETURN_TYPE = YES_ERROR;
				GCC_WARN_UNDECLARED_SELECTOR = YES;
				GCC_WARN_UNINITIALIZED_AUTOS = YES_AGGRESSIVE;
				GCC_WARN_UNUSED_FUNCTION = YES;
				GCC_WARN_UNUSED_VARIABLE = YES;
				IPHONEOS_DEPLOYMENT_TARGET = 12.1;
				MTL_ENABLE_DEBUG_INFO = NO;
				MTL_FAST_MATH = YES;
				SDKROOT = iphoneos;
				SWIFT_COMPILATION_MODE = wholemodule;
				SWIFT_OPTIMIZATION_LEVEL = "-O";
				VALIDATE_PRODUCT = YES;
			};
			name = Release;
		};
		5236862D22840C8B00ECE9B8 /* Debug */ = {
			isa = XCBuildConfiguration;
			baseConfigurationReference = 2B086D6230CB93E1131F02DB /* Pods-AssignmentTest.debug.xcconfig */;
			buildSettings = {
				ASSETCATALOG_COMPILER_APPICON_NAME = AppIcon;
				CODE_SIGN_STYLE = Automatic;
				INFOPLIST_FILE = AssignmentTest/Info.plist;
				IPHONEOS_DEPLOYMENT_TARGET = 10.0;
				LD_RUNPATH_SEARCH_PATHS = (
					"$(inherited)",
					"@executable_path/Frameworks",
				);
				PRODUCT_BUNDLE_IDENTIFIER = "com.a-list.AssignmentTest";
				PRODUCT_NAME = "$(TARGET_NAME)";
				SWIFT_VERSION = 4.2;
				TARGETED_DEVICE_FAMILY = 1;
			};
			name = Debug;
		};
		5236862E22840C8B00ECE9B8 /* Release */ = {
			isa = XCBuildConfiguration;
			baseConfigurationReference = 22D42245979655A887FD4556 /* Pods-AssignmentTest.release.xcconfig */;
			buildSettings = {
				ASSETCATALOG_COMPILER_APPICON_NAME = AppIcon;
				CODE_SIGN_STYLE = Automatic;
				INFOPLIST_FILE = AssignmentTest/Info.plist;
				IPHONEOS_DEPLOYMENT_TARGET = 10.0;
				LD_RUNPATH_SEARCH_PATHS = (
					"$(inherited)",
					"@executable_path/Frameworks",
				);
				PRODUCT_BUNDLE_IDENTIFIER = "com.a-list.AssignmentTest";
				PRODUCT_NAME = "$(TARGET_NAME)";
				SWIFT_VERSION = 4.2;
				TARGETED_DEVICE_FAMILY = 1;
			};
			name = Release;
		};
/* End XCBuildConfiguration section */

/* Begin XCConfigurationList section */
		5236861522840C8800ECE9B8 /* Build configuration list for PBXProject "AssignmentTest" */ = {
			isa = XCConfigurationList;
			buildConfigurations = (
				5236862A22840C8B00ECE9B8 /* Debug */,
				5236862B22840C8B00ECE9B8 /* Release */,
			);
			defaultConfigurationIsVisible = 0;
			defaultConfigurationName = Release;
		};
		5236862C22840C8B00ECE9B8 /* Build configuration list for PBXNativeTarget "AssignmentTest" */ = {
			isa = XCConfigurationList;
			buildConfigurations = (
				5236862D22840C8B00ECE9B8 /* Debug */,
				5236862E22840C8B00ECE9B8 /* Release */,
			);
			defaultConfigurationIsVisible = 0;
			defaultConfigurationName = Release;
		};
/* End XCConfigurationList section */
	};
	rootObject = 5236861222840C8800ECE9B8 /* Project object */;
}
